
Microsoft Visual Studio Solution File, Format Version 12.00
# Visual Studio Version 16
VisualStudioVersion = 16.0.28803.352
MinimumVisualStudioVersion = 10.0.40219.1
Project("{FAE04EC0-301F-11D3-BF4B-00C04F79EFBC}") = "WinLossCounter", "WinLossCounter.csproj", "{EB14EA69-B36D-4704-B8E8-1A10EED864BF}"
EndProject
Project("{FAE04EC0-301F-11D3-BF4B-00C04F79EFBC}") = "Stream-Scorecard", "..\Stream-Scorecard\Stream-Scorecard.csproj", "{5FF16DD5-CA6B-4A66-8BE6-8574A7033F33}"
EndProject
Global
	GlobalSection(SolutionConfigurationPlatforms) = preSolution
		Debug|Any CPU = Debug|Any CPU
		Release|Any CPU = Release|Any CPU
	EndGlobalSection
	GlobalSection(ProjectConfigurationPlatforms) = postSolution
		{EB14EA69-B36D-4704-B8E8-1A10EED864BF}.Debug|Any CPU.ActiveCfg = Debug|Any CPU
		{EB14EA69-B36D-4704-B8E8-1A10EED864BF}.Debug|Any CPU.Build.0 = Debug|Any CPU
		{EB14EA69-B36D-4704-B8E8-1A10EED864BF}.Release|Any CPU.ActiveCfg = Release|Any CPU
		{EB14EA69-B36D-4704-B8E8-1A10EED864BF}.Release|Any CPU.Build.0 = Release|Any CPU
		{5FF16DD5-CA6B-4A66-8BE6-8574A7033F33}.Debug|Any CPU.ActiveCfg = Debug|Any CPU
		{5FF16DD5-CA6B-4A66-8BE6-8574A7033F33}.Debug|Any CPU.Build.0 = Debug|Any CPU
		{5FF16DD5-CA6B-4A66-8BE6-8574A7033F33}.Release|Any CPU.ActiveCfg = Release|Any CPU
		{5FF16DD5-CA6B-4A66-8BE6-8574A7033F33}.Release|Any CPU.Build.0 = Release|Any CPU
	EndGlobalSection
	GlobalSection(SolutionProperties) = preSolution
		HideSolutionNode = FALSE
	EndGlobalSection
	GlobalSection(ExtensibilityGlobals) = postSolution
		SolutionGuid = {963E8F4D-4920-459D-B023-A8B78234F5A2}
	EndGlobalSection
EndGlobal
